
Microsoft Visual Studio Solution File, Format Version 12.00
# Visual Studio Version 17
VisualStudioVersion = 17.3.32929.385
MinimumVisualStudioVersion = 10.0.40219.1
Project("{FAE04EC0-301F-11D3-BF4B-00C04F79EFBC}") = "Demo", "Demo.csproj", "{AEFBEF71-A773-46AB-B422-FE61A5438340}"
EndProject
Global
	GlobalSection(SolutionConfigurationPlatforms) = preSolution
		Debug|Any CPU = Debug|Any CPU
		Release|Any CPU = Release|Any CPU
	EndGlobalSection
	GlobalSection(ProjectConfigurationPlatforms) = postSolution
		{AEFBEF71-A773-46AB-B422-FE61A5438340}.Debug|Any CPU.ActiveCfg = Debug|Any CPU
		{AEFBEF71-A773-46AB-B422-FE61A5438340}.Debug|Any CPU.Build.0 = Debug|Any CPU
		{AEFBEF71-A773-46AB-B422-FE61A5438340}.Release|Any CPU.ActiveCfg = Release|Any CPU
		{AEFBEF71-A773-46AB-B422-FE61A5438340}.Release|Any CPU.Build.0 = Release|Any CPU
	EndGlobalSection
	GlobalSection(SolutionProperties) = preSolution
		HideSolutionNode = FALSE
	EndGlobalSection
	GlobalSection(ExtensibilityGlobals) = postSolution
		SolutionGuid = {187CB0F0-41E7-478E-BB1B-449A39A03423}
	EndGlobalSection
EndGlobal
